
Microsoft Visual Studio Solution File, Format Version 12.00
# Visual Studio 15
VisualStudioVersion = 15.0.27428.1
MinimumVisualStudioVersion = 10.0.40219.1
Project("{FAE04EC0-301F-11D3-BF4B-00C04F79EFBC}") = "Dsd.Android", "Dsd\Dsd.Android\Dsd.Android.csproj", "{1164EEDA-1617-4B43-82C2-28830B7B3078}"
EndProject
Project("{FAE04EC0-301F-11D3-BF4B-00C04F79EFBC}") = "Dsd.iOS", "Dsd\Dsd.iOS\Dsd.iOS.csproj", "{CACC62DC-2D06-477A-BE01-B098B5368823}"
EndProject
Project("{FAE04EC0-301F-11D3-BF4B-00C04F79EFBC}") = "Dsd.UWP", "Dsd\Dsd.UWP\Dsd.UWP.csproj", "{D5E40E65-C9E8-4040-9534-7F844D1FF5E9}"
EndProject
Project("{FAE04EC0-301F-11D3-BF4B-00C04F79EFBC}") = "Dsd", "Dsd\Dsd\Dsd.csproj", "{0F436ED8-19A3-456A-A188-5DBC82A00F3B}"
EndProject
Global
	GlobalSection(SolutionConfigurationPlatforms) = preSolution
		Ad-Hoc|Any CPU = Ad-Hoc|Any CPU
		Ad-Hoc|ARM = Ad-Hoc|ARM
		Ad-Hoc|iPhone = Ad-Hoc|iPhone
		Ad-Hoc|iPhoneSimulator = Ad-Hoc|iPhoneSimulator
		Ad-Hoc|x64 = Ad-Hoc|x64
		Ad-Hoc|x86 = Ad-Hoc|x86
		AppStore|Any CPU = AppStore|Any CPU
		AppStore|ARM = AppStore|ARM
		AppStore|iPhone = AppStore|iPhone
		AppStore|iPhoneSimulator = AppStore|iPhoneSimulator
		AppStore|x64 = AppStore|x64
		AppStore|x86 = AppStore|x86
		Debug|Any CPU = Debug|Any CPU
		Debug|ARM = Debug|ARM
		Debug|iPhone = Debug|iPhone
		Debug|iPhoneSimulator = Debug|iPhoneSimulator
		Debug|x64 = Debug|x64
		Debug|x86 = Debug|x86
		Release|Any CPU = Release|Any CPU
		Release|ARM = Release|ARM
		Release|iPhone = Release|iPhone
		Release|iPhoneSimulator = Release|iPhoneSimulator
		Release|x64 = Release|x64
		Release|x86 = Release|x86
	EndGlobalSection
	GlobalSection(ProjectConfigurationPlatforms) = postSolution
		{1164EEDA-1617-4B43-82C2-28830B7B3078}.Ad-Hoc|Any CPU.ActiveCfg = Release|Any CPU
		{1164EEDA-1617-4B43-82C2-28830B7B3078}.Ad-Hoc|Any CPU.Build.0 = Release|Any CPU
		{1164EEDA-1617-4B43-82C2-28830B7B3078}.Ad-Hoc|Any CPU.Deploy.0 = Release|Any CPU
		{1164EEDA-1617-4B43-82C2-28830B7B3078}.Ad-Hoc|ARM.ActiveCfg = Release|Any CPU
		{1164EEDA-1617-4B43-82C2-28830B7B3078}.Ad-Hoc|ARM.Build.0 = Release|Any CPU
		{1164EEDA-1617-4B43-82C2-28830B7B3078}.Ad-Hoc|ARM.Deploy.0 = Release|Any CPU
		{1164EEDA-1617-4B43-82C2-28830B7B3078}.Ad-Hoc|iPhone.ActiveCfg = Release|Any CPU
		{1164EEDA-1617-4B43-82C2-28830B7B3078}.Ad-Hoc|iPhone.Build.0 = Release|Any CPU
		{1164EEDA-1617-4B43-82C2-28830B7B3078}.Ad-Hoc|iPhone.Deploy.0 = Release|Any CPU
		{1164EEDA-1617-4B43-82C2-28830B7B3078}.Ad-Hoc|iPhoneSimulator.ActiveCfg = Release|Any CPU
		{1164EEDA-1617-4B43-82C2-28830B7B3078}.Ad-Hoc|iPhoneSimulator.Build.0 = Release|Any CPU
		{1164EEDA-1617-4B43-82C2-28830B7B3078}.Ad-Hoc|iPhoneSimulator.Deploy.0 = Release|Any CPU
		{1164EEDA-1617-4B43-82C2-28830B7B3078}.Ad-Hoc|x64.ActiveCfg = Release|Any CPU
		{1164EEDA-1617-4B43-82C2-28830B7B3078}.Ad-Hoc|x64.Build.0 = Release|Any CPU
		{1164EEDA-1617-4B43-82C2-28830B7B3078}.Ad-Hoc|x64.Deploy.0 = Release|Any CPU
		{1164EEDA-1617-4B43-82C2-28830B7B3078}.Ad-Hoc|x86.ActiveCfg = Release|Any CPU
		{1164EEDA-1617-4B43-82C2-28830B7B3078}.Ad-Hoc|x86.Build.0 = Release|Any CPU
		{1164EEDA-1617-4B43-82C2-28830B7B3078}.Ad-Hoc|x86.Deploy.0 = Release|Any CPU
		{1164EEDA-1617-4B43-82C2-28830B7B3078}.AppStore|Any CPU.ActiveCfg = Release|Any CPU
		{1164EEDA-1617-4B43-82C2-28830B7B3078}.AppStore|Any CPU.Build.0 = Release|Any CPU
		{1164EEDA-1617-4B43-82C2-28830B7B3078}.AppStore|Any CPU.Deploy.0 = Release|Any CPU
		{1164EEDA-1617-4B43-82C2-28830B7B3078}.AppStore|ARM.ActiveCfg = Release|Any CPU
		{1164EEDA-1617-4B43-82C2-28830B7B3078}.AppStore|ARM.Build.0 = Release|Any CPU
		{1164EEDA-1617-4B43-82C2-28830B7B3078}.AppStore|ARM.Deploy.0 = Release|Any CPU
		{1164EEDA-1617-4B43-82C2-28830B7B3078}.AppStore|iPhone.ActiveCfg = Release|Any CPU
		{1164EEDA-1617-4B43-82C2-28830B7B3078}.AppStore|iPhone.Build.0 = Release|Any CPU
		{1164EEDA-1617-4B43-82C2-28830B7B3078}.AppStore|iPhone.Deploy.0 = Release|Any CPU
		{1164EEDA-1617-4B43-82C2-28830B7B3078}.AppStore|iPhoneSimulator.ActiveCfg = Release|Any CPU
		{1164EEDA-1617-4B43-82C2-28830B7B3078}.AppStore|iPhoneSimulator.Build.0 = Release|Any CPU
		{1164EEDA-1617-4B43-82C2-28830B7B3078}.AppStore|iPhoneSimulator.Deploy.0 = Release|Any CPU
		{1164EEDA-1617-4B43-82C2-28830B7B3078}.AppStore|x64.ActiveCfg = Release|Any CPU
		{1164EEDA-1617-4B43-82C2-28830B7B3078}.AppStore|x64.Build.0 = Release|Any CPU
		{1164EEDA-1617-4B43-82C2-28830B7B3078}.AppStore|x64.Deploy.0 = Release|Any CPU
		{1164EEDA-1617-4B43-82C2-28830B7B3078}.AppStore|x86.ActiveCfg = Release|Any CPU
		{1164EEDA-1617-4B43-82C2-28830B7B3078}.AppStore|x86.Build.0 = Release|Any CPU
		{1164EEDA-1617-4B43-82C2-28830B7B3078}.AppStore|x86.Deploy.0 = Release|Any CPU
		{1164EEDA-1617-4B43-82C2-28830B7B3078}.Debug|Any CPU.ActiveCfg = Debug|Any CPU
		{1164EEDA-1617-4B43-82C2-28830B7B3078}.Debug|Any CPU.Build.0 = Debug|Any CPU
		{1164EEDA-1617-4B43-82C2-28830B7B3078}.Debug|Any CPU.Deploy.0 = Debug|Any CPU
		{1164EEDA-1617-4B43-82C2-28830B7B3078}.Debug|ARM.ActiveCfg = Debug|Any CPU
		{1164EEDA-1617-4B43-82C2-28830B7B3078}.Debug|ARM.Build.0 = Debug|Any CPU
		{1164EEDA-1617-4B43-82C2-28830B7B3078}.Debug|ARM.Deploy.0 = Debug|Any CPU
		{1164EEDA-1617-4B43-82C2-28830B7B3078}.Debug|iPhone.ActiveCfg = Debug|Any CPU
		{1164EEDA-1617-4B43-82C2-28830B7B3078}.Debug|iPhone.Build.0 = Debug|Any CPU
		{1164EEDA-1617-4B43-82C2-28830B7B3078}.Debug|iPhone.Deploy.0 = Debug|Any CPU
		{1164EEDA-1617-4B43-82C2-28830B7B3078}.Debug|iPhoneSimulator.ActiveCfg = Debug|Any CPU
		{1164EEDA-1617-4B43-82C2-28830B7B3078}.Debug|iPhoneSimulator.Build.0 = Debug|Any CPU
		{1164EEDA-1617-4B43-82C2-28830B7B3078}.Debug|iPhoneSimulator.Deploy.0 = Debug|Any CPU
		{1164EEDA-1617-4B43-82C2-28830B7B3078}.Debug|x64.ActiveCfg = Debug|Any CPU
		{1164EEDA-1617-4B43-82C2-28830B7B3078}.Debug|x64.Build.0 = Debug|Any CPU
		{1164EEDA-1617-4B43-82C2-28830B7B3078}.Debug|x64.Deploy.0 = Debug|Any CPU
		{1164EEDA-1617-4B43-82C2-28830B7B3078}.Debug|x86.ActiveCfg = Debug|Any CPU
		{1164EEDA-1617-4B43-82C2-28830B7B3078}.Debug|x86.Build.0 = Debug|Any CPU
		{1164EEDA-1617-4B43-82C2-28830B7B3078}.Debug|x86.Deploy.0 = Debug|Any CPU
		{1164EEDA-1617-4B43-82C2-28830B7B3078}.Release|Any CPU.ActiveCfg = Release|Any CPU
		{1164EEDA-1617-4B43-82C2-28830B7B3078}.Release|Any CPU.Build.0 = Release|Any CPU
		{1164EEDA-1617-4B43-82C2-28830B7B3078}.Release|Any CPU.Deploy.0 = Release|Any CPU
		{1164EEDA-1617-4B43-82C2-28830B7B3078}.Release|ARM.ActiveCfg = Release|Any CPU
		{1164EEDA-1617-4B43-82C2-28830B7B3078}.Release|ARM.Build.0 = Release|Any CPU
		{1164EEDA-1617-4B43-82C2-28830B7B3078}.Release|ARM.Deploy.0 = Release|Any CPU
		{1164EEDA-1617-4B43-82C2-28830B7B3078}.Release|iPhone.ActiveCfg = Release|Any CPU
		{1164EEDA-1617-4B43-82C2-28830B7B3078}.Release|iPhone.Build.0 = Release|Any CPU
		{1164EEDA-1617-4B43-82C2-28830B7B3078}.Release|iPhone.Deploy.0 = Release|Any CPU
		{1164EEDA-1617-4B43-82C2-28830B7B3078}.Release|iPhoneSimulator.ActiveCfg = Release|Any CPU
		{1164EEDA-1617-4B43-82C2-28830B7B3078}.Release|iPhoneSimulator.Build.0 = Release|Any CPU
		{1164EEDA-1617-4B43-82C2-28830B7B3078}.Release|iPhoneSimulator.Deploy.0 = Release|Any CPU
		{1164EEDA-1617-4B43-82C2-28830B7B3078}.Release|x64.ActiveCfg = Release|Any CPU
		{1164EEDA-1617-4B43-82C2-28830B7B3078}.Release|x64.Build.0 = Release|Any CPU
		{1164EEDA-1617-4B43-82C2-28830B7B3078}.Release|x64.Deploy.0 = Release|Any CPU
		{1164EEDA-1617-4B43-82C2-28830B7B3078}.Release|x86.ActiveCfg = Release|Any CPU
		{1164EEDA-1617-4B43-82C2-28830B7B3078}.Release|x86.Build.0 = Release|Any CPU
		{1164EEDA-1617-4B43-82C2-28830B7B3078}.Release|x86.Deploy.0 = Release|Any CPU
		{CACC62DC-2D06-477A-BE01-B098B5368823}.Ad-Hoc|Any CPU.ActiveCfg = Ad-Hoc|iPhone
		{CACC62DC-2D06-477A-BE01-B098B5368823}.Ad-Hoc|ARM.ActiveCfg = Ad-Hoc|iPhone
		{CACC62DC-2D06-477A-BE01-B098B5368823}.Ad-Hoc|iPhone.ActiveCfg = Ad-Hoc|iPhone
		{CACC62DC-2D06-477A-BE01-B098B5368823}.Ad-Hoc|iPhone.Build.0 = Ad-Hoc|iPhone
		{CACC62DC-2D06-477A-BE01-B098B5368823}.Ad-Hoc|iPhoneSimulator.ActiveCfg = Ad-Hoc|iPhoneSimulator
		{CACC62DC-2D06-477A-BE01-B098B5368823}.Ad-Hoc|iPhoneSimulator.Build.0 = Ad-Hoc|iPhoneSimulator
		{CACC62DC-2D06-477A-BE01-B098B5368823}.Ad-Hoc|x64.ActiveCfg = Ad-Hoc|iPhone
		{CACC62DC-2D06-477A-BE01-B098B5368823}.Ad-Hoc|x86.ActiveCfg = Ad-Hoc|iPhone
		{CACC62DC-2D06-477A-BE01-B098B5368823}.AppStore|Any CPU.ActiveCfg = AppStore|iPhone
		{CACC62DC-2D06-477A-BE01-B098B5368823}.AppStore|ARM.ActiveCfg = AppStore|iPhone
		{CACC62DC-2D06-477A-BE01-B098B5368823}.AppStore|iPhone.ActiveCfg = AppStore|iPhone
		{CACC62DC-2D06-477A-BE01-B098B5368823}.AppStore|iPhone.Build.0 = AppStore|iPhone
		{CACC62DC-2D06-477A-BE01-B098B5368823}.AppStore|iPhoneSimulator.ActiveCfg = AppStore|iPhoneSimulator
		{CACC62DC-2D06-477A-BE01-B098B5368823}.AppStore|iPhoneSimulator.Build.0 = AppStore|iPhoneSimulator
		{CACC62DC-2D06-477A-BE01-B098B5368823}.AppStore|x64.ActiveCfg = AppStore|iPhone
		{CACC62DC-2D06-477A-BE01-B098B5368823}.AppStore|x86.ActiveCfg = AppStore|iPhone
		{CACC62DC-2D06-477A-BE01-B098B5368823}.Debug|Any CPU.ActiveCfg = Debug|iPhone
		{CACC62DC-2D06-477A-BE01-B098B5368823}.Debug|ARM.ActiveCfg = Debug|iPhone
		{CACC62DC-2D06-477A-BE01-B098B5368823}.Debug|iPhone.ActiveCfg = Debug|iPhone
		{CACC62DC-2D06-477A-BE01-B098B5368823}.Debug|iPhone.Build.0 = Debug|iPhone
		{CACC62DC-2D06-477A-BE01-B098B5368823}.Debug|iPhoneSimulator.ActiveCfg = Debug|iPhoneSimulator
		{CACC62DC-2D06-477A-BE01-B098B5368823}.Debug|iPhoneSimulator.Build.0 = Debug|iPhoneSimulator
		{CACC62DC-2D06-477A-BE01-B098B5368823}.Debug|x64.ActiveCfg = Debug|iPhone
		{CACC62DC-2D06-477A-BE01-B098B5368823}.Debug|x86.ActiveCfg = Debug|iPhone
		{CACC62DC-2D06-477A-BE01-B098B5368823}.Release|Any CPU.ActiveCfg = Release|iPhone
		{CACC62DC-2D06-477A-BE01-B098B5368823}.Release|ARM.ActiveCfg = Release|iPhone
		{CACC62DC-2D06-477A-BE01-B098B5368823}.Release|iPhone.ActiveCfg = Release|iPhone
		{CACC62DC-2D06-477A-BE01-B098B5368823}.Release|iPhone.Build.0 = Release|iPhone
		{CACC62DC-2D06-477A-BE01-B098B5368823}.Release|iPhoneSimulator.ActiveCfg = Release|iPhoneSimulator
		{CACC62DC-2D06-477A-BE01-B098B5368823}.Release|iPhoneSimulator.Build.0 = Release|iPhoneSimulator
		{CACC62DC-2D06-477A-BE01-B098B5368823}.Release|x64.ActiveCfg = Release|iPhone
		{CACC62DC-2D06-477A-BE01-B098B5368823}.Release|x86.ActiveCfg = Release|iPhone
		{D5E40E65-C9E8-4040-9534-7F844D1FF5E9}.Ad-Hoc|Any CPU.ActiveCfg = Release|x86
		{D5E40E65-C9E8-4040-9534-7F844D1FF5E9}.Ad-Hoc|Any CPU.Build.0 = Release|x86
		{D5E40E65-C9E8-4040-9534-7F844D1FF5E9}.Ad-Hoc|Any CPU.Deploy.0 = Release|x86
		{D5E40E65-C9E8-4040-9534-7F844D1FF5E9}.Ad-Hoc|ARM.ActiveCfg = Release|ARM
		{D5E40E65-C9E8-4040-9534-7F844D1FF5E9}.Ad-Hoc|ARM.Build.0 = Release|ARM
		{D5E40E65-C9E8-4040-9534-7F844D1FF5E9}.Ad-Hoc|ARM.Deploy.0 = Release|ARM
		{D5E40E65-C9E8-4040-9534-7F844D1FF5E9}.Ad-Hoc|iPhone.ActiveCfg = Release|x86
		{D5E40E65-C9E8-4040-9534-7F844D1FF5E9}.Ad-Hoc|iPhone.Build.0 = Release|x86
		{D5E40E65-C9E8-4040-9534-7F844D1FF5E9}.Ad-Hoc|iPhone.Deploy.0 = Release|x86
		{D5E40E65-C9E8-4040-9534-7F844D1FF5E9}.Ad-Hoc|iPhoneSimulator.ActiveCfg = Release|x86
		{D5E40E65-C9E8-4040-9534-7F844D1FF5E9}.Ad-Hoc|iPhoneSimulator.Build.0 = Release|x86
		{D5E40E65-C9E8-4040-9534-7F844D1FF5E9}.Ad-Hoc|iPhoneSimulator.Deploy.0 = Release|x86
		{D5E40E65-C9E8-4040-9534-7F844D1FF5E9}.Ad-Hoc|x64.ActiveCfg = Release|x64
		{D5E40E65-C9E8-4040-9534-7F844D1FF5E9}.Ad-Hoc|x64.Build.0 = Release|x64
		{D5E40E65-C9E8-4040-9534-7F844D1FF5E9}.Ad-Hoc|x64.Deploy.0 = Release|x64
		{D5E40E65-C9E8-4040-9534-7F844D1FF5E9}.Ad-Hoc|x86.ActiveCfg = Release|x86
		{D5E40E65-C9E8-4040-9534-7F844D1FF5E9}.Ad-Hoc|x86.Build.0 = Release|x86
		{D5E40E65-C9E8-4040-9534-7F844D1FF5E9}.Ad-Hoc|x86.Deploy.0 = Release|x86
		{D5E40E65-C9E8-4040-9534-7F844D1FF5E9}.AppStore|Any CPU.ActiveCfg = Release|x86
		{D5E40E65-C9E8-4040-9534-7F844D1FF5E9}.AppStore|Any CPU.Build.0 = Release|x86
		{D5E40E65-C9E8-4040-9534-7F844D1FF5E9}.AppStore|Any CPU.Deploy.0 = Release|x86
		{D5E40E65-C9E8-4040-9534-7F844D1FF5E9}.AppStore|ARM.ActiveCfg = Release|ARM
		{D5E40E65-C9E8-4040-9534-7F844D1FF5E9}.AppStore|ARM.Build.0 = Release|ARM
		{D5E40E65-C9E8-4040-9534-7F844D1FF5E9}.AppStore|ARM.Deploy.0 = Release|ARM
		{D5E40E65-C9E8-4040-9534-7F844D1FF5E9}.AppStore|iPhone.ActiveCfg = Release|x86
		{D5E40E65-C9E8-4040-9534-7F844D1FF5E9}.AppStore|iPhone.Build.0 = Release|x86
		{D5E40E65-C9E8-4040-9534-7F844D1FF5E9}.AppStore|iPhone.Deploy.0 = Release|x86
		{D5E40E65-C9E8-4040-9534-7F844D1FF5E9}.AppStore|iPhoneSimulator.ActiveCfg = Release|x86
		{D5E40E65-C9E8-4040-9534-7F844D1FF5E9}.AppStore|iPhoneSimulator.Build.0 = Release|x86
		{D5E40E65-C9E8-4040-9534-7F844D1FF5E9}.AppStore|iPhoneSimulator.Deploy.0 = Release|x86
		{D5E40E65-C9E8-4040-9534-7F844D1FF5E9}.AppStore|x64.ActiveCfg = Release|x64
		{D5E40E65-C9E8-4040-9534-7F844D1FF5E9}.AppStore|x64.Build.0 = Release|x64
		{D5E40E65-C9E8-4040-9534-7F844D1FF5E9}.AppStore|x64.Deploy.0 = Release|x64
		{D5E40E65-C9E8-4040-9534-7F844D1FF5E9}.AppStore|x86.ActiveCfg = Release|x86
		{D5E40E65-C9E8-4040-9534-7F844D1FF5E9}.AppStore|x86.Build.0 = Release|x86
		{D5E40E65-C9E8-4040-9534-7F844D1FF5E9}.AppStore|x86.Deploy.0 = Release|x86
		{D5E40E65-C9E8-4040-9534-7F844D1FF5E9}.Debug|Any CPU.ActiveCfg = Debug|x86
		{D5E40E65-C9E8-4040-9534-7F844D1FF5E9}.Debug|ARM.ActiveCfg = Debug|ARM
		{D5E40E65-C9E8-4040-9534-7F844D1FF5E9}.Debug|ARM.Build.0 = Debug|ARM
		{D5E40E65-C9E8-4040-9534-7F844D1FF5E9}.Debug|ARM.Deploy.0 = Debug|ARM
		{D5E40E65-C9E8-4040-9534-7F844D1FF5E9}.Debug|iPhone.ActiveCfg = Debug|x86
		{D5E40E65-C9E8-4040-9534-7F844D1FF5E9}.Debug|iPhoneSimulator.ActiveCfg = Debug|x86
		{D5E40E65-C9E8-4040-9534-7F844D1FF5E9}.Debug|x64.ActiveCfg = Debug|x64
		{D5E40E65-C9E8-4040-9534-7F844D1FF5E9}.Debug|x64.Build.0 = Debug|x64
		{D5E40E65-C9E8-4040-9534-7F844D1FF5E9}.Debug|x64.Deploy.0 = Debug|x64
		{D5E40E65-C9E8-4040-9534-7F844D1FF5E9}.Debug|x86.ActiveCfg = Debug|x86
		{D5E40E65-C9E8-4040-9534-7F844D1FF5E9}.Debug|x86.Build.0 = Debug|x86
		{D5E40E65-C9E8-4040-9534-7F844D1FF5E9}.Debug|x86.Deploy.0 = Debug|x86
		{D5E40E65-C9E8-4040-9534-7F844D1FF5E9}.Release|Any CPU.ActiveCfg = Release|x86
		{D5E40E65-C9E8-4040-9534-7F844D1FF5E9}.Release|ARM.ActiveCfg = Release|ARM
		{D5E40E65-C9E8-4040-9534-7F844D1FF5E9}.Release|ARM.Build.0 = Release|ARM
		{D5E40E65-C9E8-4040-9534-7F844D1FF5E9}.Release|ARM.Deploy.0 = Release|ARM
		{D5E40E65-C9E8-4040-9534-7F844D1FF5E9}.Release|iPhone.ActiveCfg = Release|x86
		{D5E40E65-C9E8-4040-9534-7F844D1FF5E9}.Release|iPhoneSimulator.ActiveCfg = Release|x86
		{D5E40E65-C9E8-4040-9534-7F844D1FF5E9}.Release|x64.ActiveCfg = Release|x64
		{D5E40E65-C9E8-4040-9534-7F844D1FF5E9}.Release|x64.Build.0 = Release|x64
		{D5E40E65-C9E8-4040-9534-7F844D1FF5E9}.Release|x64.Deploy.0 = Release|x64
		{D5E40E65-C9E8-4040-9534-7F844D1FF5E9}.Release|x86.ActiveCfg = Release|x86
		{D5E40E65-C9E8-4040-9534-7F844D1FF5E9}.Release|x86.Build.0 = Release|x86
		{D5E40E65-C9E8-4040-9534-7F844D1FF5E9}.Release|x86.Deploy.0 = Release|x86
		{0F436ED8-19A3-456A-A188-5DBC82A00F3B}.Ad-Hoc|Any CPU.ActiveCfg = Debug|Any CPU
		{0F436ED8-19A3-456A-A188-5DBC82A00F3B}.Ad-Hoc|Any CPU.Build.0 = Debug|Any CPU
		{0F436ED8-19A3-456A-A188-5DBC82A00F3B}.Ad-Hoc|ARM.ActiveCfg = Debug|Any CPU
		{0F436ED8-19A3-456A-A188-5DBC82A00F3B}.Ad-Hoc|ARM.Build.0 = Debug|Any CPU
		{0F436ED8-19A3-456A-A188-5DBC82A00F3B}.Ad-Hoc|iPhone.ActiveCfg = Debug|Any CPU
		{0F436ED8-19A3-456A-A188-5DBC82A00F3B}.Ad-Hoc|iPhone.Build.0 = Debug|Any CPU
		{0F436ED8-19A3-456A-A188-5DBC82A00F3B}.Ad-Hoc|iPhoneSimulator.ActiveCfg = Debug|Any CPU
		{0F436ED8-19A3-456A-A188-5DBC82A00F3B}.Ad-Hoc|iPhoneSimulator.Build.0 = Debug|Any CPU
		{0F436ED8-19A3-456A-A188-5DBC82A00F3B}.Ad-Hoc|x64.ActiveCfg = Debug|Any CPU
		{0F436ED8-19A3-456A-A188-5DBC82A00F3B}.Ad-Hoc|x64.Build.0 = Debug|Any CPU
		{0F436ED8-19A3-456A-A188-5DBC82A00F3B}.Ad-Hoc|x86.ActiveCfg = Debug|Any CPU
		{0F436ED8-19A3-456A-A188-5DBC82A00F3B}.Ad-Hoc|x86.Build.0 = Debug|Any CPU
		{0F436ED8-19A3-456A-A188-5DBC82A00F3B}.AppStore|Any CPU.ActiveCfg = Debug|Any CPU
		{0F436ED8-19A3-456A-A188-5DBC82A00F3B}.AppStore|Any CPU.Build.0 = Debug|Any CPU
		{0F436ED8-19A3-456A-A188-5DBC82A00F3B}.AppStore|ARM.ActiveCfg = Debug|Any CPU
		{0F436ED8-19A3-456A-A188-5DBC82A00F3B}.AppStore|ARM.Build.0 = Debug|Any CPU
		{0F436ED8-19A3-456A-A188-5DBC82A00F3B}.AppStore|iPhone.ActiveCfg = Debug|Any CPU
		{0F436ED8-19A3-456A-A188-5DBC82A00F3B}.AppStore|iPhone.Build.0 = Debug|Any CPU
		{0F436ED8-19A3-456A-A188-5DBC82A00F3B}.AppStore|iPhoneSimulator.ActiveCfg = Debug|Any CPU
		{0F436ED8-19A3-456A-A188-5DBC82A00F3B}.AppStore|iPhoneSimulator.Build.0 = Debug|Any CPU
		{0F436ED8-19A3-456A-A188-5DBC82A00F3B}.AppStore|x64.ActiveCfg = Debug|Any CPU
		{0F436ED8-19A3-456A-A188-5DBC82A00F3B}.AppStore|x64.Build.0 = Debug|Any CPU
		{0F436ED8-19A3-456A-A188-5DBC82A00F3B}.AppStore|x86.ActiveCfg = Debug|Any CPU
		{0F436ED8-19A3-456A-A188-5DBC82A00F3B}.AppStore|x86.Build.0 = Debug|Any CPU
		{0F436ED8-19A3-456A-A188-5DBC82A00F3B}.Debug|Any CPU.ActiveCfg = Debug|Any CPU
		{0F436ED8-19A3-456A-A188-5DBC82A00F3B}.Debug|Any CPU.Build.0 = Debug|Any CPU
		{0F436ED8-19A3-456A-A188-5DBC82A00F3B}.Debug|ARM.ActiveCfg = Debug|Any CPU
		{0F436ED8-19A3-456A-A188-5DBC82A00F3B}.Debug|ARM.Build.0 = Debug|Any CPU
		{0F436ED8-19A3-456A-A188-5DBC82A00F3B}.Debug|iPhone.ActiveCfg = Debug|Any CPU
		{0F436ED8-19A3-456A-A188-5DBC82A00F3B}.Debug|iPhone.Build.0 = Debug|Any CPU
		{0F436ED8-19A3-456A-A188-5DBC82A00F3B}.Debug|iPhoneSimulator.ActiveCfg = Debug|Any CPU
		{0F436ED8-19A3-456A-A188-5DBC82A00F3B}.Debug|iPhoneSimulator.Build.0 = Debug|Any CPU
		{0F436ED8-19A3-456A-A188-5DBC82A00F3B}.Debug|x64.ActiveCfg = Debug|Any CPU
		{0F436ED8-19A3-456A-A188-5DBC82A00F3B}.Debug|x64.Build.0 = Debug|Any CPU
		{0F436ED8-19A3-456A-A188-5DBC82A00F3B}.Debug|x86.ActiveCfg = Debug|Any CPU
		{0F436ED8-19A3-456A-A188-5DBC82A00F3B}.Debug|x86.Build.0 = Debug|Any CPU
		{0F436ED8-19A3-456A-A188-5DBC82A00F3B}.Release|Any CPU.ActiveCfg = Release|Any CPU
		{0F436ED8-19A3-456A-A188-5DBC82A00F3B}.Release|Any CPU.Build.0 = Release|Any CPU
		{0F436ED8-19A3-456A-A188-5DBC82A00F3B}.Release|ARM.ActiveCfg = Release|Any CPU
		{0F436ED8-19A3-456A-A188-5DBC82A00F3B}.Release|ARM.Build.0 = Release|Any CPU
		{0F436ED8-19A3-456A-A188-5DBC82A00F3B}.Release|iPhone.ActiveCfg = Release|Any CPU
		{0F436ED8-19A3-456A-A188-5DBC82A00F3B}.Release|iPhone.Build.0 = Release|Any CPU
		{0F436ED8-19A3-456A-A188-5DBC82A00F3B}.Release|iPhoneSimulator.ActiveCfg = Release|Any CPU
		{0F436ED8-19A3-456A-A188-5DBC82A00F3B}.Release|iPhoneSimulator.Build.0 = Release|Any CPU
		{0F436ED8-19A3-456A-A188-5DBC82A00F3B}.Release|x64.ActiveCfg = Release|Any CPU
		{0F436ED8-19A3-456A-A188-5DBC82A00F3B}.Release|x64.Build.0 = Release|Any CPU
		{0F436ED8-19A3-456A-A188-5DBC82A00F3B}.Release|x86.ActiveCfg = Release|Any CPU
		{0F436ED8-19A3-456A-A188-5DBC82A00F3B}.Release|x86.Build.0 = Release|Any CPU
	EndGlobalSection
	GlobalSection(SolutionProperties) = preSolution
		HideSolutionNode = FALSE
	EndGlobalSection
	GlobalSection(ExtensibilityGlobals) = postSolution
		SolutionGuid = {5ED71E85-99DE-4DC8-BF15-38578D2ADC09}
	EndGlobalSection
EndGlobal
